// !$*UTF8*$!
{
	archiveVersion = 1;
	classes = {
	};
	objectVersion = 77;
	objects = {

/* Begin PBXBuildFile section */
		F7471ED62E94A6E1009BE7B3 /* Config.plist in Resources */ = {isa = PBXBuildFile; fileRef = F7471ED52E94A6E1009BE7B3 /* Config.plist */; };
		F7471ED82E94A6E2009BE7B3 /* GoogleService-Info.plist in Resources */ = {isa = PBXBuildFile; fileRef = F7471ED72E94A6E2009BE7B3 /* GoogleService-Info.plist */; };
		F7471EDF2E94A91D009BE7B3 /* FirebaseAI in Frameworks */ = {isa = PBXBuildFile; productRef = F7471EDE2E94A91D009BE7B3 /* FirebaseAI */; };
		F7471EE12E94A91D009BE7B3 /* FirebaseAnalytics in Frameworks */ = {isa = PBXBuildFile; productRef = F7471EE02E94A91D009BE7B3 /* FirebaseAnalytics */; };
		F7471EE32E94A91D009BE7B3 /* FirebaseAnalyticsCore in Frameworks */ = {isa = PBXBuildFile; productRef = F7471EE22E94A91D009BE7B3 /* FirebaseAnalyticsCore */; };
		F7471EE52E94A91D009BE7B3 /* FirebaseAuth in Frameworks */ = {isa = PBXBuildFile; productRef = F7471EE42E94A91D009BE7B3 /* FirebaseAuth */; };
		F7471EE72E94A91D009BE7B3 /* FirebaseAuthCombine-Community in Frameworks */ = {isa = PBXBuildFile; productRef = F7471EE62E94A91D009BE7B3 /* FirebaseAuthCombine-Community */; };
		F7471EE92E94A91D009BE7B3 /* FirebaseCore in Frameworks */ = {isa = PBXBuildFile; productRef = F7471EE82E94A91D009BE7B3 /* FirebaseCore */; };
		F7471EEB2E94A91D009BE7B3 /* FirebaseDatabase in Frameworks */ = {isa = PBXBuildFile; productRef = F7471EEA2E94A91D009BE7B3 /* FirebaseDatabase */; };
		F7471EED2E94A91D009BE7B3 /* FirebaseFirestore in Frameworks */ = {isa = PBXBuildFile; productRef = F7471EEC2E94A91D009BE7B3 /* FirebaseFirestore */; };
		F7471EEF2E94A91D009BE7B3 /* FirebaseInAppMessaging-Beta in Frameworks */ = {isa = PBXBuildFile; productRef = F7471EEE2E94A91D009BE7B3 /* FirebaseInAppMessaging-Beta */; };
		F7471EF12E94A91D009BE7B3 /* FirebaseInstallations in Frameworks */ = {isa = PBXBuildFile; productRef = F7471EF02E94A91D009BE7B3 /* FirebaseInstallations */; };
		F7471EF32E94A91D009BE7B3 /* FirebaseMessaging in Frameworks */ = {isa = PBXBuildFile; productRef = F7471EF22E94A91D009BE7B3 /* FirebaseMessaging */; };
		F7471EF52E94A91D009BE7B3 /* FirebasePerformance in Frameworks */ = {isa = PBXBuildFile; productRef = F7471EF42E94A91D009BE7B3 /* FirebasePerformance */; };
		F7471EF72E94A91D009BE7B3 /* FirebaseStorage in Frameworks */ = {isa = PBXBuildFile; productRef = F7471EF62E94A91D009BE7B3 /* FirebaseStorage */; };
		F7471EF92E94A91D009BE7B3 /* FirebaseStorageCombine-Community in Frameworks */ = {isa = PBXBuildFile; productRef = F7471EF82E94A91D009BE7B3 /* FirebaseStorageCombine-Community */; };
/* End PBXBuildFile section */

/* Begin PBXContainerItemProxy section */
		F7F37A5E2E8E0DFA00289B03 /* PBXContainerItemProxy */ = {
			isa = PBXContainerItemProxy;
			containerPortal = F7F37A452E8E0DF800289B03 /* Project object */;
			proxyType = 1;
			remoteGlobalIDString = F7F37A4C2E8E0DF800289B03;
			remoteInfo = "finance buddy";
		};
		F7F37A682E8E0DFA00289B03 /* PBXContainerItemProxy */ = {
			isa = PBXContainerItemProxy;
			containerPortal = F7F37A452E8E0DF800289B03 /* Project object */;
			proxyType = 1;
			remoteGlobalIDString = F7F37A4C2E8E0DF800289B03;
			remoteInfo = "finance buddy";
		};
/* End PBXContainerItemProxy section */

/* Begin PBXFileReference section */
		F7471ED52E94A6E1009BE7B3 /* Config.plist */ = {isa = PBXFileReference; lastKnownFileType = text.plist.xml; path = Config.plist; sourceTree = "<group>"; };
		F7471ED72E94A6E2009BE7B3 /* GoogleService-Info.plist */ = {isa = PBXFileReference; lastKnownFileType = text.plist.xml; path = "GoogleService-Info.plist"; sourceTree = "<group>"; };
		F7F37A4D2E8E0DF800289B03 /* finance buddy.app */ = {isa = PBXFileReference; explicitFileType = wrapper.application; includeInIndex = 0; path = "finance buddy.app"; sourceTree = BUILT_PRODUCTS_DIR; };
		F7F37A5D2E8E0DFA00289B03 /* finance buddyTests.xctest */ = {isa = PBXFileReference; explicitFileType = wrapper.cfbundle; includeInIndex = 0; path = "finance buddyTests.xctest"; sourceTree = BUILT_PRODUCTS_DIR; };
		F7F37A672E8E0DFA00289B03 /* finance buddyUITests.xctest */ = {isa = PBXFileReference; explicitFileType = wrapper.cfbundle; includeInIndex = 0; path = "finance buddyUITests.xctest"; sourceTree = BUILT_PRODUCTS_DIR; };
/* End PBXFileReference section */

/* Begin PBXFileSystemSynchronizedRootGroup section */
		F7F37A4F2E8E0DF800289B03 /* finance buddy */ = {
			isa = PBXFileSystemSynchronizedRootGroup;
			path = "finance buddy";
			sourceTree = "<group>";
		};
		F7F37A602E8E0DFA00289B03 /* finance buddyTests */ = {
			isa = PBXFileSystemSynchronizedRootGroup;
			path = "finance buddyTests";
			sourceTree = "<group>";
		};
		F7F37A6A2E8E0DFA00289B03 /* finance buddyUITests */ = {
			isa = PBXFileSystemSynchronizedRootGroup;
			path = "finance buddyUITests";
			sourceTree = "<group>";
		};
/* End PBXFileSystemSynchronizedRootGroup section */

/* Begin PBXFrameworksBuildPhase section */
		F7F37A4A2E8E0DF800289B03 /* Frameworks */ = {
			isa = PBXFrameworksBuildPhase;
			buildActionMask = 2147483647;
			files = (
				F7471EE12E94A91D009BE7B3 /* FirebaseAnalytics in Frameworks */,
				F7471EE32E94A91D009BE7B3 /* FirebaseAnalyticsCore in Frameworks */,
				F7471EF52E94A91D009BE7B3 /* FirebasePerformance in Frameworks */,
				F7471EEF2E94A91D009BE7B3 /* FirebaseInAppMessaging-Beta in Frameworks */,
				F7471EDF2E94A91D009BE7B3 /* FirebaseAI in Frameworks */,
				F7471EE52E94A91D009BE7B3 /* FirebaseAuth in Frameworks */,
				F7471EE92E94A91D009BE7B3 /* FirebaseCore in Frameworks */,
				F7471EED2E94A91D009BE7B3 /* FirebaseFirestore in Frameworks */,
				F7471EF92E94A91D009BE7B3 /* FirebaseStorageCombine-Community in Frameworks */,
				F7471EF72E94A91D009BE7B3 /* FirebaseStorage in Frameworks */,
				F7471EEB2E94A91D009BE7B3 /* FirebaseDatabase in Frameworks */,
				F7471EE72E94A91D009BE7B3 /* FirebaseAuthCombine-Community in Frameworks */,
				F7471EF32E94A91D009BE7B3 /* FirebaseMessaging in Frameworks */,
				F7471EF12E94A91D009BE7B3 /* FirebaseInstallations in Frameworks */,
			);
			runOnlyForDeploymentPostprocessing = 0;
		};
		F7F37A5A2E8E0DFA00289B03 /* Frameworks */ = {
			isa = PBXFrameworksBuildPhase;
			buildActionMask = 2147483647;
			files = (
			);
			runOnlyForDeploymentPostprocessing = 0;
		};
		F7F37A642E8E0DFA00289B03 /* Frameworks */ = {
			isa = PBXFrameworksBuildPhase;
			buildActionMask = 2147483647;
			files = (
			);
			runOnlyForDeploymentPostprocessing = 0;
		};
/* End PBXFrameworksBuildPhase section */

/* Begin PBXGroup section */
		F7F37A442E8E0DF800289B03 = {
			isa = PBXGroup;
			children = (
				F7471ED52E94A6E1009BE7B3 /* Config.plist */,
				F7471ED72E94A6E2009BE7B3 /* GoogleService-Info.plist */,
				F7F37A4F2E8E0DF800289B03 /* finance buddy */,
				F7F37A602E8E0DFA00289B03 /* finance buddyTests */,
				F7F37A6A2E8E0DFA00289B03 /* finance buddyUITests */,
				F7F37A4E2E8E0DF800289B03 /* Products */,
			);
			sourceTree = "<group>";
		};
		F7F37A4E2E8E0DF800289B03 /* Products */ = {
			isa = PBXGroup;
			children = (
				F7F37A4D2E8E0DF800289B03 /* finance buddy.app */,
				F7F37A5D2E8E0DFA00289B03 /* finance buddyTests.xctest */,
				F7F37A672E8E0DFA00289B03 /* finance buddyUITests.xctest */,
			);
			name = Products;
			sourceTree = "<group>";
		};
/* End PBXGroup section */

/* Begin PBXNativeTarget section */
		F7F37A4C2E8E0DF800289B03 /* finance buddy */ = {
			isa = PBXNativeTarget;
			buildConfigurationList = F7F37A712E8E0DFA00289B03 /* Build configuration list for PBXNativeTarget "finance buddy" */;
			buildPhases = (
				F7F37A492E8E0DF800289B03 /* Sources */,
				F7F37A4A2E8E0DF800289B03 /* Frameworks */,
				F7F37A4B2E8E0DF800289B03 /* Resources */,
			);
			buildRules = (
			);
			dependencies = (
			);
			fileSystemSynchronizedGroups = (
				F7F37A4F2E8E0DF800289B03 /* finance buddy */,
			);
			name = "finance buddy";
			packageProductDependencies = (
				F7471EDE2E94A91D009BE7B3 /* FirebaseAI */,
				F7471EE02E94A91D009BE7B3 /* FirebaseAnalytics */,
				F7471EE22E94A91D009BE7B3 /* FirebaseAnalyticsCore */,
				F7471EE42E94A91D009BE7B3 /* FirebaseAuth */,
				F7471EE62E94A91D009BE7B3 /* FirebaseAuthCombine-Community */,
				F7471EE82E94A91D009BE7B3 /* FirebaseCore */,
				F7471EEA2E94A91D009BE7B3 /* FirebaseDatabase */,
				F7471EEC2E94A91D009BE7B3 /* FirebaseFirestore */,
				F7471EEE2E94A91D009BE7B3 /* FirebaseInAppMessaging-Beta */,
				F7471EF02E94A91D009BE7B3 /* FirebaseInstallations */,
				F7471EF22E94A91D009BE7B3 /* FirebaseMessaging */,
				F7471EF42E94A91D009BE7B3 /* FirebasePerformance */,
				F7471EF62E94A91D009BE7B3 /* FirebaseStorage */,
				F7471EF82E94A91D009BE7B3 /* FirebaseStorageCombine-Community */,
			);
			productName = "finance buddy";
			productReference = F7F37A4D2E8E0DF800289B03 /* finance buddy.app */;
			productType = "com.apple.product-type.application";
		};
		F7F37A5C2E8E0DFA00289B03 /* finance buddyTests */ = {
			isa = PBXNativeTarget;
			buildConfigurationList = F7F37A742E8E0DFA00289B03 /* Build configuration list for PBXNativeTarget "finance buddyTests" */;
			buildPhases = (
				F7F37A592E8E0DFA00289B03 /* Sources */,
				F7F37A5A2E8E0DFA00289B03 /* Frameworks */,
				F7F37A5B2E8E0DFA00289B03 /* Resources */,
			);
			buildRules = (
			);
			dependencies = (
				F7F37A5F2E8E0DFA00289B03 /* PBXTargetDependency */,
			);
			fileSystemSynchronizedGroups = (
				F7F37A602E8E0DFA00289B03 /* finance buddyTests */,
			);
			name = "finance buddyTests";
			packageProductDependencies = (
			);
			productName = "finance buddyTests";
			productReference = F7F37A5D2E8E0DFA00289B03 /* finance buddyTests.xctest */;
			productType = "com.apple.product-type.bundle.unit-test";
		};
		F7F37A662E8E0DFA00289B03 /* finance buddyUITests */ = {
			isa = PBXNativeTarget;
			buildConfigurationList = F7F37A772E8E0DFA00289B03 /* Build configuration list for PBXNativeTarget "finance buddyUITests" */;
			buildPhases = (
				F7F37A632E8E0DFA00289B03 /* Sources */,
				F7F37A642E8E0DFA00289B03 /* Frameworks */,
				F7F37A652E8E0DFA00289B03 /* Resources */,
			);
			buildRules = (
			);
			dependencies = (
				F7F37A692E8E0DFA00289B03 /* PBXTargetDependency */,
			);
			fileSystemSynchronizedGroups = (
				F7F37A6A2E8E0DFA00289B03 /* finance buddyUITests */,
			);
			name = "finance buddyUITests";
			packageProductDependencies = (
			);
			productName = "finance buddyUITests";
			productReference = F7F37A672E8E0DFA00289B03 /* finance buddyUITests.xctest */;
			productType = "com.apple.product-type.bundle.ui-testing";
		};
/* End PBXNativeTarget section */

/* Begin PBXProject section */
		F7F37A452E8E0DF800289B03 /* Project object */ = {
			isa = PBXProject;
			attributes = {
				BuildIndependentTargetsInParallel = 1;
				LastSwiftUpdateCheck = 1620;
				LastUpgradeCheck = 1620;
				TargetAttributes = {
					F7F37A4C2E8E0DF800289B03 = {
						CreatedOnToolsVersion = 16.2;
					};
					F7F37A5C2E8E0DFA00289B03 = {
						CreatedOnToolsVersion = 16.2;
						TestTargetID = F7F37A4C2E8E0DF800289B03;
					};
					F7F37A662E8E0DFA00289B03 = {
						CreatedOnToolsVersion = 16.2;
						TestTargetID = F7F37A4C2E8E0DF800289B03;
					};
				};
			};
			buildConfigurationList = F7F37A482E8E0DF800289B03 /* Build configuration list for PBXProject "finance buddy" */;
			developmentRegion = en;
			hasScannedForEncodings = 0;
			knownRegions = (
				en,
				Base,
			);
			mainGroup = F7F37A442E8E0DF800289B03;
			minimizedProjectReferenceProxies = 1;
			packageReferences = (
				F7471EDD2E94A91C009BE7B3 /* XCRemoteSwiftPackageReference "firebase-ios-sdk" */,
			);
			preferredProjectObjectVersion = 77;
			productRefGroup = F7F37A4E2E8E0DF800289B03 /* Products */;
			projectDirPath = "";
			projectRoot = "";
			targets = (
				F7F37A4C2E8E0DF800289B03 /* finance buddy */,
				F7F37A5C2E8E0DFA00289B03 /* finance buddyTests */,
				F7F37A662E8E0DFA00289B03 /* finance buddyUITests */,
			);
		};
/* End PBXProject section */

/* Begin PBXResourcesBuildPhase section */
		F7F37A4B2E8E0DF800289B03 /* Resources */ = {
			isa = PBXResourcesBuildPhase;
			buildActionMask = 2147483647;
			files = (
				F7471ED62E94A6E1009BE7B3 /* Config.plist in Resources */,
				F7471ED82E94A6E2009BE7B3 /* GoogleService-Info.plist in Resources */,
			);
			runOnlyForDeploymentPostprocessing = 0;
		};
		F7F37A5B2E8E0DFA00289B03 /* Resources */ = {
			isa = PBXResourcesBuildPhase;
			buildActionMask = 2147483647;
			files = (
			);
			runOnlyForDeploymentPostprocessing = 0;
		};
		F7F37A652E8E0DFA00289B03 /* Resources */ = {
			isa = PBXResourcesBuildPhase;
			buildActionMask = 2147483647;
			files = (
			);
			runOnlyForDeploymentPostprocessing = 0;
		};
/* End PBXResourcesBuildPhase section */

/* Begin PBXSourcesBuildPhase section */
		F7F37A492E8E0DF800289B03 /* Sources */ = {
			isa = PBXSourcesBuildPhase;
			buildActionMask = 2147483647;
			files = (
			);
			runOnlyForDeploymentPostprocessing = 0;
		};
		F7F37A592E8E0DFA00289B03 /* Sources */ = {
			isa = PBXSourcesBuildPhase;
			buildActionMask = 2147483647;
			files = (
			);
			runOnlyForDeploymentPostprocessing = 0;
		};
		F7F37A632E8E0DFA00289B03 /* Sources */ = {
			isa = PBXSourcesBuildPhase;
			buildActionMask = 2147483647;
			files = (
			);
			runOnlyForDeploymentPostprocessing = 0;
		};
/* End PBXSourcesBuildPhase section */

/* Begin PBXTargetDependency section */
		F7F37A5F2E8E0DFA00289B03 /* PBXTargetDependency */ = {
			isa = PBXTargetDependency;
			target = F7F37A4C2E8E0DF800289B03 /* finance buddy */;
			targetProxy = F7F37A5E2E8E0DFA00289B03 /* PBXContainerItemProxy */;
		};
		F7F37A692E8E0DFA00289B03 /* PBXTargetDependency */ = {
			isa = PBXTargetDependency;
			target = F7F37A4C2E8E0DF800289B03 /* finance buddy */;
			targetProxy = F7F37A682E8E0DFA00289B03 /* PBXContainerItemProxy */;
		};
/* End PBXTargetDependency section */

/* Begin XCBuildConfiguration section */
		F7F37A6F2E8E0DFA00289B03 /* Debug */ = {
			isa = XCBuildConfiguration;
			buildSettings = {
				ALWAYS_SEARCH_USER_PATHS = NO;
				ASSETCATALOG_COMPILER_GENERATE_SWIFT_ASSET_SYMBOL_EXTENSIONS = YES;
				CLANG_ANALYZER_NONNULL = YES;
				CLANG_ANALYZER_NUMBER_OBJECT_CONVERSION = YES_AGGRESSIVE;
				CLANG_CXX_LANGUAGE_STANDARD = "gnu++20";
				CLANG_ENABLE_MODULES = YES;
				CLANG_ENABLE_OBJC_ARC = YES;
				CLANG_ENABLE_OBJC_WEAK = YES;
				CLANG_WARN_BLOCK_CAPTURE_AUTORELEASING = YES;
				CLANG_WARN_BOOL_CONVERSION = YES;
				CLANG_WARN_COMMA = YES;
				CLANG_WARN_CONSTANT_CONVERSION = YES;
				CLANG_WARN_DEPRECATED_OBJC_IMPLEMENTATIONS = YES;
				CLANG_WARN_DIRECT_OBJC_ISA_USAGE = YES_ERROR;
				CLANG_WARN_DOCUMENTATION_COMMENTS = YES;
				CLANG_WARN_EMPTY_BODY = YES;
				CLANG_WARN_ENUM_CONVERSION = YES;
				CLANG_WARN_INFINITE_RECURSION = YES;
				CLANG_WARN_INT_CONVERSION = YES;
				CLANG_WARN_NON_LITERAL_NULL_CONVERSION = YES;
				CLANG_WARN_OBJC_IMPLICIT_RETAIN_SELF = YES;
				CLANG_WARN_OBJC_LITERAL_CONVERSION = YES;
				CLANG_WARN_OBJC_ROOT_CLASS = YES_ERROR;
				CLANG_WARN_QUOTED_INCLUDE_IN_FRAMEWORK_HEADER = YES;
				CLANG_WARN_RANGE_LOOP_ANALYSIS = YES;
				CLANG_WARN_STRICT_PROTOTYPES = YES;
				CLANG_WARN_SUSPICIOUS_MOVE = YES;
				CLANG_WARN_UNGUARDED_AVAILABILITY = YES_AGGRESSIVE;
				CLANG_WARN_UNREACHABLE_CODE = YES;
				CLANG_WARN__DUPLICATE_METHOD_MATCH = YES;
				COPY_PHASE_STRIP = NO;
				DEBUG_INFORMATION_FORMAT = dwarf;
				ENABLE_STRICT_OBJC_MSGSEND = YES;
				ENABLE_TESTABILITY = YES;
				ENABLE_USER_SCRIPT_SANDBOXING = YES;
				GCC_C_LANGUAGE_STANDARD = gnu17;
				GCC_DYNAMIC_NO_PIC = NO;
				GCC_NO_COMMON_BLOCKS = YES;
				GCC_OPTIMIZATION_LEVEL = 0;
				GCC_PREPROCESSOR_DEFINITIONS = (
					"DEBUG=1",
					"$(inherited)",
				);
				GCC_WARN_64_TO_32_BIT_CONVERSION = YES;
				GCC_WARN_ABOUT_RETURN_TYPE = YES_ERROR;
				GCC_WARN_UNDECLARED_SELECTOR = YES;
				GCC_WARN_UNINITIALIZED_AUTOS = YES_AGGRESSIVE;
				GCC_WARN_UNUSED_FUNCTION = YES;
				GCC_WARN_UNUSED_VARIABLE = YES;
				IPHONEOS_DEPLOYMENT_TARGET = 18.2;
				LOCALIZATION_PREFERS_STRING_CATALOGS = YES;
				MTL_ENABLE_DEBUG_INFO = INCLUDE_SOURCE;
				MTL_FAST_MATH = YES;
				ONLY_ACTIVE_ARCH = YES;
				SDKROOT = iphoneos;
				SWIFT_ACTIVE_COMPILATION_CONDITIONS = "DEBUG $(inherited)";
				SWIFT_OPTIMIZATION_LEVEL = "-Onone";
			};
			name = Debug;
		};
		F7F37A702E8E0DFA00289B03 /* Release */ = {
			isa = XCBuildConfiguration;
			buildSettings = {
				ALWAYS_SEARCH_USER_PATHS = NO;
				ASSETCATALOG_COMPILER_GENERATE_SWIFT_ASSET_SYMBOL_EXTENSIONS = YES;
				CLANG_ANALYZER_NONNULL = YES;
				CLANG_ANALYZER_NUMBER_OBJECT_CONVERSION = YES_AGGRESSIVE;
				CLANG_CXX_LANGUAGE_STANDARD = "gnu++20";
				CLANG_ENABLE_MODULES = YES;
				CLANG_ENABLE_OBJC_ARC = YES;
				CLANG_ENABLE_OBJC_WEAK = YES;
				CLANG_WARN_BLOCK_CAPTURE_AUTORELEASING = YES;
				CLANG_WARN_BOOL_CONVERSION = YES;
				CLANG_WARN_COMMA = YES;
				CLANG_WARN_CONSTANT_CONVERSION = YES;
				CLANG_WARN_DEPRECATED_OBJC_IMPLEMENTATIONS = YES;
				CLANG_WARN_DIRECT_OBJC_ISA_USAGE = YES_ERROR;
				CLANG_WARN_DOCUMENTATION_COMMENTS = YES;
				CLANG_WARN_EMPTY_BODY = YES;
				CLANG_WARN_ENUM_CONVERSION = YES;
				CLANG_WARN_INFINITE_RECURSION = YES;
				CLANG_WARN_INT_CONVERSION = YES;
				CLANG_WARN_NON_LITERAL_NULL_CONVERSION = YES;
				CLANG_WARN_OBJC_IMPLICIT_RETAIN_SELF = YES;
				CLANG_WARN_OBJC_LITERAL_CONVERSION = YES;
				CLANG_WARN_OBJC_ROOT_CLASS = YES_ERROR;
				CLANG_WARN_QUOTED_INCLUDE_IN_FRAMEWORK_HEADER = YES;
				CLANG_WARN_RANGE_LOOP_ANALYSIS = YES;
				CLANG_WARN_STRICT_PROTOTYPES = YES;
				CLANG_WARN_SUSPICIOUS_MOVE = YES;
				CLANG_WARN_UNGUARDED_AVAILABILITY = YES_AGGRESSIVE;
				CLANG_WARN_UNREACHABLE_CODE = YES;
				CLANG_WARN__DUPLICATE_METHOD_MATCH = YES;
				COPY_PHASE_STRIP = NO;
				DEBUG_INFORMATION_FORMAT = "dwarf-with-dsym";
				ENABLE_NS_ASSERTIONS = NO;
				ENABLE_STRICT_OBJC_MSGSEND = YES;
				ENABLE_USER_SCRIPT_SANDBOXING = YES;
				GCC_C_LANGUAGE_STANDARD = gnu17;
				GCC_NO_COMMON_BLOCKS = YES;
				GCC_WARN_64_TO_32_BIT_CONVERSION = YES;
				GCC_WARN_ABOUT_RETURN_TYPE = YES_ERROR;
				GCC_WARN_UNDECLARED_SELECTOR = YES;
				GCC_WARN_UNINITIALIZED_AUTOS = YES_AGGRESSIVE;
				GCC_WARN_UNUSED_FUNCTION = YES;
				GCC_WARN_UNUSED_VARIABLE = YES;
				IPHONEOS_DEPLOYMENT_TARGET = 18.2;
				LOCALIZATION_PREFERS_STRING_CATALOGS = YES;
				MTL_ENABLE_DEBUG_INFO = NO;
				MTL_FAST_MATH = YES;
				SDKROOT = iphoneos;
				SWIFT_COMPILATION_MODE = wholemodule;
				VALIDATE_PRODUCT = YES;
			};
			name = Release;
		};
		F7F37A722E8E0DFA00289B03 /* Debug */ = {
			isa = XCBuildConfiguration;
			buildSettings = {
				ASSETCATALOG_COMPILER_APPICON_NAME = AppIcon;
				ASSETCATALOG_COMPILER_GLOBAL_ACCENT_COLOR_NAME = AccentColor;
				CODE_SIGN_STYLE = Automatic;
				CURRENT_PROJECT_VERSION = 1;
				DEVELOPMENT_ASSET_PATHS = "\"finance buddy/Preview Content\"";
				ENABLE_PREVIEWS = YES;
				GENERATE_INFOPLIST_FILE = YES;
				INFOPLIST_KEY_UIApplicationSceneManifest_Generation = YES;
				INFOPLIST_KEY_UIApplicationSupportsIndirectInputEvents = YES;
				INFOPLIST_KEY_UILaunchScreen_Generation = YES;
				INFOPLIST_KEY_UISupportedInterfaceOrientations_iPad = "UIInterfaceOrientationPortrait UIInterfaceOrientationPortraitUpsideDown UIInterfaceOrientationLandscapeLeft UIInterfaceOrientationLandscapeRight";
				INFOPLIST_KEY_UISupportedInterfaceOrientations_iPhone = "UIInterfaceOrientationPortrait UIInterfaceOrientationLandscapeLeft UIInterfaceOrientationLandscapeRight";
				LD_RUNPATH_SEARCH_PATHS = (
					"$(inherited)",
					"@executable_path/Frameworks",
				);
				MARKETING_VERSION = 1.0;
				PRODUCT_BUNDLE_IDENTIFIER = "com.viholden.finance-buddy";
				PRODUCT_NAME = "$(TARGET_NAME)";
				SWIFT_EMIT_LOC_STRINGS = YES;
				SWIFT_VERSION = 5.0;
				TARGETED_DEVICE_FAMILY = "1,2";
			};
			name = Debug;
		};
		F7F37A732E8E0DFA00289B03 /* Release */ = {
			isa = XCBuildConfiguration;
			buildSettings = {
				ASSETCATALOG_COMPILER_APPICON_NAME = AppIcon;
				ASSETCATALOG_COMPILER_GLOBAL_ACCENT_COLOR_NAME = AccentColor;
				CODE_SIGN_STYLE = Automatic;
				CURRENT_PROJECT_VERSION = 1;
				DEVELOPMENT_ASSET_PATHS = "\"finance buddy/Preview Content\"";
				ENABLE_PREVIEWS = YES;
				GENERATE_INFOPLIST_FILE = YES;
				INFOPLIST_KEY_UIApplicationSceneManifest_Generation = YES;
				INFOPLIST_KEY_UIApplicationSupportsIndirectInputEvents = YES;
				INFOPLIST_KEY_UILaunchScreen_Generation = YES;
				INFOPLIST_KEY_UISupportedInterfaceOrientations_iPad = "UIInterfaceOrientationPortrait UIInterfaceOrientationPortraitUpsideDown UIInterfaceOrientationLandscapeLeft UIInterfaceOrientationLandscapeRight";
				INFOPLIST_KEY_UISupportedInterfaceOrientations_iPhone = "UIInterfaceOrientationPortrait UIInterfaceOrientationLandscapeLeft UIInterfaceOrientationLandscapeRight";
				LD_RUNPATH_SEARCH_PATHS = (
					"$(inherited)",
					"@executable_path/Frameworks",
				);
				MARKETING_VERSION = 1.0;
				PRODUCT_BUNDLE_IDENTIFIER = "com.viholden.finance-buddy";
				PRODUCT_NAME = "$(TARGET_NAME)";
				SWIFT_EMIT_LOC_STRINGS = YES;
				SWIFT_VERSION = 5.0;
				TARGETED_DEVICE_FAMILY = "1,2";
			};
			name = Release;
		};
		F7F37A752E8E0DFA00289B03 /* Debug */ = {
			isa = XCBuildConfiguration;
			buildSettings = {
				BUNDLE_LOADER = "$(TEST_HOST)";
				CODE_SIGN_STYLE = Automatic;
				CURRENT_PROJECT_VERSION = 1;
				GENERATE_INFOPLIST_FILE = YES;
				IPHONEOS_DEPLOYMENT_TARGET = 18.2;
				MARKETING_VERSION = 1.0;
				PRODUCT_BUNDLE_IDENTIFIER = "com.viholden.finance-buddyTests";
				PRODUCT_NAME = "$(TARGET_NAME)";
				SWIFT_EMIT_LOC_STRINGS = NO;
				SWIFT_VERSION = 5.0;
				TARGETED_DEVICE_FAMILY = "1,2";
				TEST_HOST = "$(BUILT_PRODUCTS_DIR)/finance buddy.app/$(BUNDLE_EXECUTABLE_FOLDER_PATH)/finance buddy";
			};
			name = Debug;
		};
		F7F37A762E8E0DFA00289B03 /* Release */ = {
			isa = XCBuildConfiguration;
			buildSettings = {
				BUNDLE_LOADER = "$(TEST_HOST)";
				CODE_SIGN_STYLE = Automatic;
				CURRENT_PROJECT_VERSION = 1;
				GENERATE_INFOPLIST_FILE = YES;
				IPHONEOS_DEPLOYMENT_TARGET = 18.2;
				MARKETING_VERSION = 1.0;
				PRODUCT_BUNDLE_IDENTIFIER = "com.viholden.finance-buddyTests";
				PRODUCT_NAME = "$(TARGET_NAME)";
				SWIFT_EMIT_LOC_STRINGS = NO;
				SWIFT_VERSION = 5.0;
				TARGETED_DEVICE_FAMILY = "1,2";
				TEST_HOST = "$(BUILT_PRODUCTS_DIR)/finance buddy.app/$(BUNDLE_EXECUTABLE_FOLDER_PATH)/finance buddy";
			};
			name = Release;
		};
		F7F37A782E8E0DFA00289B03 /* Debug */ = {
			isa = XCBuildConfiguration;
			buildSettings = {
				CODE_SIGN_STYLE = Automatic;
				CURRENT_PROJECT_VERSION = 1;
				GENERATE_INFOPLIST_FILE = YES;
				MARKETING_VERSION = 1.0;
				PRODUCT_BUNDLE_IDENTIFIER = "com.viholden.finance-buddyUITests";
				PRODUCT_NAME = "$(TARGET_NAME)";
				SWIFT_EMIT_LOC_STRINGS = NO;
				SWIFT_VERSION = 5.0;
				TARGETED_DEVICE_FAMILY = "1,2";
				TEST_TARGET_NAME = "finance buddy";
			};
			name = Debug;
		};
		F7F37A792E8E0DFA00289B03 /* Release */ = {
			isa = XCBuildConfiguration;
			buildSettings = {
				CODE_SIGN_STYLE = Automatic;
				CURRENT_PROJECT_VERSION = 1;
				GENERATE_INFOPLIST_FILE = YES;
				MARKETING_VERSION = 1.0;
				PRODUCT_BUNDLE_IDENTIFIER = "com.viholden.finance-buddyUITests";
				PRODUCT_NAME = "$(TARGET_NAME)";
				SWIFT_EMIT_LOC_STRINGS = NO;
				SWIFT_VERSION = 5.0;
				TARGETED_DEVICE_FAMILY = "1,2";
				TEST_TARGET_NAME = "finance buddy";
			};
			name = Release;
		};
/* End XCBuildConfiguration section */

/* Begin XCConfigurationList section */
		F7F37A482E8E0DF800289B03 /* Build configuration list for PBXProject "finance buddy" */ = {
			isa = XCConfigurationList;
			buildConfigurations = (
				F7F37A6F2E8E0DFA00289B03 /* Debug */,
				F7F37A702E8E0DFA00289B03 /* Release */,
			);
			defaultConfigurationIsVisible = 0;
			defaultConfigurationName = Release;
		};
		F7F37A712E8E0DFA00289B03 /* Build configuration list for PBXNativeTarget "finance buddy" */ = {
			isa = XCConfigurationList;
			buildConfigurations = (
				F7F37A722E8E0DFA00289B03 /* Debug */,
				F7F37A732E8E0DFA00289B03 /* Release */,
			);
			defaultConfigurationIsVisible = 0;
			defaultConfigurationName = Release;
		};
		F7F37A742E8E0DFA00289B03 /* Build configuration list for PBXNativeTarget "finance buddyTests" */ = {
			isa = XCConfigurationList;
			buildConfigurations = (
				F7F37A752E8E0DFA00289B03 /* Debug */,
				F7F37A762E8E0DFA00289B03 /* Release */,
			);
			defaultConfigurationIsVisible = 0;
			defaultConfigurationName = Release;
		};
		F7F37A772E8E0DFA00289B03 /* Build configuration list for PBXNativeTarget "finance buddyUITests" */ = {
			isa = XCConfigurationList;
			buildConfigurations = (
				F7F37A782E8E0DFA00289B03 /* Debug */,
				F7F37A792E8E0DFA00289B03 /* Release */,
			);
			defaultConfigurationIsVisible = 0;
			defaultConfigurationName = Release;
		};
/* End XCConfigurationList section */

/* Begin XCRemoteSwiftPackageReference section */
		F7471EDD2E94A91C009BE7B3 /* XCRemoteSwiftPackageReference "firebase-ios-sdk" */ = {
			isa = XCRemoteSwiftPackageReference;
			repositoryURL = "https://github.com/firebase/firebase-ios-sdk";
			requirement = {
				kind = upToNextMajorVersion;
				minimumVersion = 12.3.0;
			};
		};
/* End XCRemoteSwiftPackageReference section */

/* Begin XCSwiftPackageProductDependency section */
		F7471EDE2E94A91D009BE7B3 /* FirebaseAI */ = {
			isa = XCSwiftPackageProductDependency;
			package = F7471EDD2E94A91C009BE7B3 /* XCRemoteSwiftPackageReference "firebase-ios-sdk" */;
			productName = FirebaseAI;
		};
		F7471EE02E94A91D009BE7B3 /* FirebaseAnalytics */ = {
			isa = XCSwiftPackageProductDependency;
			package = F7471EDD2E94A91C009BE7B3 /* XCRemoteSwiftPackageReference "firebase-ios-sdk" */;
			productName = FirebaseAnalytics;
		};
		F7471EE22E94A91D009BE7B3 /* FirebaseAnalyticsCore */ = {
			isa = XCSwiftPackageProductDependency;
			package = F7471EDD2E94A91C009BE7B3 /* XCRemoteSwiftPackageReference "firebase-ios-sdk" */;
			productName = FirebaseAnalyticsCore;
		};
		F7471EE42E94A91D009BE7B3 /* FirebaseAuth */ = {
			isa = XCSwiftPackageProductDependency;
			package = F7471EDD2E94A91C009BE7B3 /* XCRemoteSwiftPackageReference "firebase-ios-sdk" */;
			productName = FirebaseAuth;
		};
		F7471EE62E94A91D009BE7B3 /* FirebaseAuthCombine-Community */ = {
			isa = XCSwiftPackageProductDependency;
			package = F7471EDD2E94A91C009BE7B3 /* XCRemoteSwiftPackageReference "firebase-ios-sdk" */;
			productName = "FirebaseAuthCombine-Community";
		};
		F7471EE82E94A91D009BE7B3 /* FirebaseCore */ = {
			isa = XCSwiftPackageProductDependency;
			package = F7471EDD2E94A91C009BE7B3 /* XCRemoteSwiftPackageReference "firebase-ios-sdk" */;
			productName = FirebaseCore;
		};
		F7471EEA2E94A91D009BE7B3 /* FirebaseDatabase */ = {
			isa = XCSwiftPackageProductDependency;
			package = F7471EDD2E94A91C009BE7B3 /* XCRemoteSwiftPackageReference "firebase-ios-sdk" */;
			productName = FirebaseDatabase;
		};
		F7471EEC2E94A91D009BE7B3 /* FirebaseFirestore */ = {
			isa = XCSwiftPackageProductDependency;
			package = F7471EDD2E94A91C009BE7B3 /* XCRemoteSwiftPackageReference "firebase-ios-sdk" */;
			productName = FirebaseFirestore;
		};
		F7471EEE2E94A91D009BE7B3 /* FirebaseInAppMessaging-Beta */ = {
			isa = XCSwiftPackageProductDependency;
			package = F7471EDD2E94A91C009BE7B3 /* XCRemoteSwiftPackageReference "firebase-ios-sdk" */;
			productName = "FirebaseInAppMessaging-Beta";
		};
		F7471EF02E94A91D009BE7B3 /* FirebaseInstallations */ = {
			isa = XCSwiftPackageProductDependency;
			package = F7471EDD2E94A91C009BE7B3 /* XCRemoteSwiftPackageReference "firebase-ios-sdk" */;
			productName = FirebaseInstallations;
		};
		F7471EF22E94A91D009BE7B3 /* FirebaseMessaging */ = {
			isa = XCSwiftPackageProductDependency;
			package = F7471EDD2E94A91C009BE7B3 /* XCRemoteSwiftPackageReference "firebase-ios-sdk" */;
			productName = FirebaseMessaging;
		};
		F7471EF42E94A91D009BE7B3 /* FirebasePerformance */ = {
			isa = XCSwiftPackageProductDependency;
			package = F7471EDD2E94A91C009BE7B3 /* XCRemoteSwiftPackageReference "firebase-ios-sdk" */;
			productName = FirebasePerformance;
		};
		F7471EF62E94A91D009BE7B3 /* FirebaseStorage */ = {
			isa = XCSwiftPackageProductDependency;
			package = F7471EDD2E94A91C009BE7B3 /* XCRemoteSwiftPackageReference "firebase-ios-sdk" */;
			productName = FirebaseStorage;
		};
		F7471EF82E94A91D009BE7B3 /* FirebaseStorageCombine-Community */ = {
			isa = XCSwiftPackageProductDependency;
			package = F7471EDD2E94A91C009BE7B3 /* XCRemoteSwiftPackageReference "firebase-ios-sdk" */;
			productName = "FirebaseStorageCombine-Community";
		};
/* End XCSwiftPackageProductDependency section */
	};
	rootObject = F7F37A452E8E0DF800289B03 /* Project object */;
}
